
Microsoft Visual Studio Solution File, Format Version 12.00
# Visual Studio Version 16
VisualStudioVersion = 16.0.30907.101
MinimumVisualStudioVersion = 10.0.40219.1
Project("{FAE04EC0-301F-11D3-BF4B-00C04F79EFBC}") = "Ecommerce", "Ecommerce\Ecommerce.csproj", "{42E209DB-8522-45CD-9791-31B3CEAF372E}"
EndProject
Global
	GlobalSection(SolutionConfigurationPlatforms) = preSolution
		Debug|Any CPU = Debug|Any CPU
		Release|Any CPU = Release|Any CPU
	EndGlobalSection
	GlobalSection(ProjectConfigurationPlatforms) = postSolution
		{42E209DB-8522-45CD-9791-31B3CEAF372E}.Debug|Any CPU.ActiveCfg = Debug|Any CPU
		{42E209DB-8522-45CD-9791-31B3CEAF372E}.Debug|Any CPU.Build.0 = Debug|Any CPU
		{42E209DB-8522-45CD-9791-31B3CEAF372E}.Release|Any CPU.ActiveCfg = Release|Any CPU
		{42E209DB-8522-45CD-9791-31B3CEAF372E}.Release|Any CPU.Build.0 = Release|Any CPU
	EndGlobalSection
	GlobalSection(SolutionProperties) = preSolution
		HideSolutionNode = FALSE
	EndGlobalSection
	GlobalSection(ExtensibilityGlobals) = postSolution
		SolutionGuid = {CB6EFD5E-F93E-4C50-9DAD-E3E07EAC75C3}
	EndGlobalSection
EndGlobal
